
Microsoft Visual Studio Solution File, Format Version 12.00
# Visual Studio Version 16
VisualStudioVersion = 16.0.31729.503
MinimumVisualStudioVersion = 10.0.40219.1
Project("{FAE04EC0-301F-11D3-BF4B-00C04F79EFBC}") = "Entidades", "Entidades\Entidades.csproj", "{899C4E9E-AED7-4A71-AC82-356AE6E521EE}"
EndProject
Project("{FAE04EC0-301F-11D3-BF4B-00C04F79EFBC}") = "Conexion", "Conexion\Conexion.csproj", "{3C17B5CE-0D88-4AB3-A1C0-DA5EFDB4F371}"
EndProject
Project("{FAE04EC0-301F-11D3-BF4B-00C04F79EFBC}") = "Vistas", "Vistas\Vistas.csproj", "{B267EE51-0376-4991-99BF-99671CEBF0D3}"
EndProject
Global
	GlobalSection(SolutionConfigurationPlatforms) = preSolution
		Debug|Any CPU = Debug|Any CPU
		Release|Any CPU = Release|Any CPU
	EndGlobalSection
	GlobalSection(ProjectConfigurationPlatforms) = postSolution
		{899C4E9E-AED7-4A71-AC82-356AE6E521EE}.Debug|Any CPU.ActiveCfg = Debug|Any CPU
		{899C4E9E-AED7-4A71-AC82-356AE6E521EE}.Debug|Any CPU.Build.0 = Debug|Any CPU
		{899C4E9E-AED7-4A71-AC82-356AE6E521EE}.Release|Any CPU.ActiveCfg = Release|Any CPU
		{899C4E9E-AED7-4A71-AC82-356AE6E521EE}.Release|Any CPU.Build.0 = Release|Any CPU
		{3C17B5CE-0D88-4AB3-A1C0-DA5EFDB4F371}.Debug|Any CPU.ActiveCfg = Debug|Any CPU
		{3C17B5CE-0D88-4AB3-A1C0-DA5EFDB4F371}.Debug|Any CPU.Build.0 = Debug|Any CPU
		{3C17B5CE-0D88-4AB3-A1C0-DA5EFDB4F371}.Release|Any CPU.ActiveCfg = Release|Any CPU
		{3C17B5CE-0D88-4AB3-A1C0-DA5EFDB4F371}.Release|Any CPU.Build.0 = Release|Any CPU
		{B267EE51-0376-4991-99BF-99671CEBF0D3}.Debug|Any CPU.ActiveCfg = Debug|Any CPU
		{B267EE51-0376-4991-99BF-99671CEBF0D3}.Debug|Any CPU.Build.0 = Debug|Any CPU
		{B267EE51-0376-4991-99BF-99671CEBF0D3}.Release|Any CPU.ActiveCfg = Release|Any CPU
		{B267EE51-0376-4991-99BF-99671CEBF0D3}.Release|Any CPU.Build.0 = Release|Any CPU
	EndGlobalSection
	GlobalSection(SolutionProperties) = preSolution
		HideSolutionNode = FALSE
	EndGlobalSection
	GlobalSection(ExtensibilityGlobals) = postSolution
		SolutionGuid = {94F59076-04FB-4018-BF72-4E8AEF1B2BB7}
	EndGlobalSection
EndGlobal
